
Microsoft Visual Studio Solution File, Format Version 12.00
# Visual Studio 15
VisualStudioVersion = 15.0.28307.271
MinimumVisualStudioVersion = 10.0.40219.1
Project("{FAE04EC0-301F-11D3-BF4B-00C04F79EFBC}") = "PortComm", "PortComm.csproj", "{8C486EFF-445F-4A32-8831-D323A60C6403}"
EndProject
Global
	GlobalSection(SolutionConfigurationPlatforms) = preSolution
		Debug|Any CPU = Debug|Any CPU
		Release|Any CPU = Release|Any CPU
	EndGlobalSection
	GlobalSection(ProjectConfigurationPlatforms) = postSolution
		{8C486EFF-445F-4A32-8831-D323A60C6403}.Debug|Any CPU.ActiveCfg = Debug|Any CPU
		{8C486EFF-445F-4A32-8831-D323A60C6403}.Debug|Any CPU.Build.0 = Debug|Any CPU
		{8C486EFF-445F-4A32-8831-D323A60C6403}.Release|Any CPU.ActiveCfg = Release|Any CPU
		{8C486EFF-445F-4A32-8831-D323A60C6403}.Release|Any CPU.Build.0 = Release|Any CPU
	EndGlobalSection
	GlobalSection(SolutionProperties) = preSolution
		HideSolutionNode = FALSE
	EndGlobalSection
	GlobalSection(ExtensibilityGlobals) = postSolution
		SolutionGuid = {95FEA512-F96B-4353-B129-114436017222}
	EndGlobalSection
EndGlobal
